
Microsoft Visual Studio Solution File, Format Version 11.00
# Visual Studio 2010
Project("{E24C65DC-7377-472B-9ABA-BC803B73C61A}") = "tuankhoishop", ".", "{81BD50C4-65C8-4DD6-BFC6-9078FB3BFDAF}"
	ProjectSection(WebsiteProperties) = preProject
		TargetFrameworkMoniker = ".NETFramework,Version%3Dv2.0"
		Debug.AspNetCompiler.VirtualPath = "/tuankhoishop"
		Debug.AspNetCompiler.PhysicalPath = "..\tuankhoishop\"
		Debug.AspNetCompiler.TargetPath = "PrecompiledWeb\tuankhoishop\"
		Debug.AspNetCompiler.Updateable = "true"
		Debug.AspNetCompiler.ForceOverwrite = "true"
		Debug.AspNetCompiler.FixedNames = "false"
		Debug.AspNetCompiler.Debug = "True"
		Release.AspNetCompiler.VirtualPath = "/tuankhoishop"
		Release.AspNetCompiler.PhysicalPath = "..\tuankhoishop\"
		Release.AspNetCompiler.TargetPath = "PrecompiledWeb\tuankhoishop\"
		Release.AspNetCompiler.Updateable = "true"
		Release.AspNetCompiler.ForceOverwrite = "true"
		Release.AspNetCompiler.FixedNames = "false"
		Release.AspNetCompiler.Debug = "False"
		VWDPort = "34992"
	EndProjectSection
EndProject
Global
	GlobalSection(SolutionConfigurationPlatforms) = preSolution
		Debug|Any CPU = Debug|Any CPU
	EndGlobalSection
	GlobalSection(ProjectConfigurationPlatforms) = postSolution
		{81BD50C4-65C8-4DD6-BFC6-9078FB3BFDAF}.Debug|Any CPU.ActiveCfg = Debug|Any CPU
		{81BD50C4-65C8-4DD6-BFC6-9078FB3BFDAF}.Debug|Any CPU.Build.0 = Debug|Any CPU
	EndGlobalSection
	GlobalSection(SolutionProperties) = preSolution
		HideSolutionNode = FALSE
	EndGlobalSection
EndGlobal
